
Microsoft Visual Studio Solution File, Format Version 12.00
# Visual Studio Version 17
VisualStudioVersion = 17.11.35303.130
MinimumVisualStudioVersion = 10.0.40219.1
Project("{8BC9CEB8-8B4A-11D0-8D11-00A0C91BC942}") = "SaltAndPepper", "SaltAndPepper\SaltAndPepper.vcxproj", "{46B67C03-BBD6-4FD4-A298-FD977279DEF6}"
EndProject
Global
	GlobalSection(SolutionConfigurationPlatforms) = preSolution
		Debug|x64 = Debug|x64
		Release|x64 = Release|x64
	EndGlobalSection
	GlobalSection(ProjectConfigurationPlatforms) = postSolution
		{46B67C03-BBD6-4FD4-A298-FD977279DEF6}.Debug|x64.ActiveCfg = Debug|x64
		{46B67C03-BBD6-4FD4-A298-FD977279DEF6}.Debug|x64.Build.0 = Debug|x64
		{46B67C03-BBD6-4FD4-A298-FD977279DEF6}.Release|x64.ActiveCfg = Release|x64
		{46B67C03-BBD6-4FD4-A298-FD977279DEF6}.Release|x64.Build.0 = Release|x64
	EndGlobalSection
	GlobalSection(SolutionProperties) = preSolution
		HideSolutionNode = FALSE
	EndGlobalSection
	GlobalSection(ExtensibilityGlobals) = postSolution
		SolutionGuid = {4FE66BDB-FFC1-4956-9ACA-9E00598202E3}
	EndGlobalSection
EndGlobal
